
Microsoft Visual Studio Solution File, Format Version 12.00
# Visual Studio Version 16
VisualStudioVersion = 16.0.28803.452
MinimumVisualStudioVersion = 10.0.40219.1
Project("{FAE04EC0-301F-11D3-BF4B-00C04F79EFBC}") = "ForestCheat", "TheForestCheat\ForestCheat.csproj", "{F19C5C60-BC48-4C46-8977-064231F3C3E4}"
EndProject
Global
	GlobalSection(SolutionConfigurationPlatforms) = preSolution
		Debug|Any CPU = Debug|Any CPU
		Debug|x64 = Debug|x64
		Release|Any CPU = Release|Any CPU
		Release|x64 = Release|x64
	EndGlobalSection
	GlobalSection(ProjectConfigurationPlatforms) = postSolution
		{F19C5C60-BC48-4C46-8977-064231F3C3E4}.Debug|Any CPU.ActiveCfg = Debug|Any CPU
		{F19C5C60-BC48-4C46-8977-064231F3C3E4}.Debug|Any CPU.Build.0 = Debug|Any CPU
		{F19C5C60-BC48-4C46-8977-064231F3C3E4}.Debug|x64.ActiveCfg = Debug|x64
		{F19C5C60-BC48-4C46-8977-064231F3C3E4}.Debug|x64.Build.0 = Debug|x64
		{F19C5C60-BC48-4C46-8977-064231F3C3E4}.Release|Any CPU.ActiveCfg = Release|Any CPU
		{F19C5C60-BC48-4C46-8977-064231F3C3E4}.Release|Any CPU.Build.0 = Release|Any CPU
		{F19C5C60-BC48-4C46-8977-064231F3C3E4}.Release|x64.ActiveCfg = Release|x64
		{F19C5C60-BC48-4C46-8977-064231F3C3E4}.Release|x64.Build.0 = Release|x64
	EndGlobalSection
	GlobalSection(SolutionProperties) = preSolution
		HideSolutionNode = FALSE
	EndGlobalSection
	GlobalSection(ExtensibilityGlobals) = postSolution
		SolutionGuid = {A8FBFA32-5147-49E9-94A1-03239A454670}
	EndGlobalSection
EndGlobal
